// !$*UTF8*$!
{
	archiveVersion = 1;
	classes = {
	};
	objectVersion = 77;
	objects = {

/* Begin PBXContainerItemProxy section */
		062AE32C2E7C4FF10081BA88 /* PBXContainerItemProxy */ = {
			isa = PBXContainerItemProxy;
			containerPortal = 062AE3162E7C4FF00081BA88 /* Project object */;
			proxyType = 1;
			remoteGlobalIDString = 062AE31D2E7C4FF00081BA88;
			remoteInfo = DokuzuncuOdev;
		};
		062AE3362E7C4FF10081BA88 /* PBXContainerItemProxy */ = {
			isa = PBXContainerItemProxy;
			containerPortal = 062AE3162E7C4FF00081BA88 /* Project object */;
			proxyType = 1;
			remoteGlobalIDString = 062AE31D2E7C4FF00081BA88;
			remoteInfo = DokuzuncuOdev;
		};
/* End PBXContainerItemProxy section */

/* Begin PBXFileReference section */
		062AE31E2E7C4FF00081BA88 /* DokuzuncuOdev.app */ = {isa = PBXFileReference; explicitFileType = wrapper.application; includeInIndex = 0; path = DokuzuncuOdev.app; sourceTree = BUILT_PRODUCTS_DIR; };
		062AE32B2E7C4FF10081BA88 /* DokuzuncuOdevTests.xctest */ = {isa = PBXFileReference; explicitFileType = wrapper.cfbundle; includeInIndex = 0; path = DokuzuncuOdevTests.xctest; sourceTree = BUILT_PRODUCTS_DIR; };
		062AE3352E7C4FF10081BA88 /* DokuzuncuOdevUITests.xctest */ = {isa = PBXFileReference; explicitFileType = wrapper.cfbundle; includeInIndex = 0; path = DokuzuncuOdevUITests.xctest; sourceTree = BUILT_PRODUCTS_DIR; };
/* End PBXFileReference section */

/* Begin PBXFileSystemSynchronizedRootGroup section */
		062AE3202E7C4FF00081BA88 /* DokuzuncuOdev */ = {
			isa = PBXFileSystemSynchronizedRootGroup;
			path = DokuzuncuOdev;
			sourceTree = "<group>";
		};
		062AE32E2E7C4FF10081BA88 /* DokuzuncuOdevTests */ = {
			isa = PBXFileSystemSynchronizedRootGroup;
			path = DokuzuncuOdevTests;
			sourceTree = "<group>";
		};
		062AE3382E7C4FF10081BA88 /* DokuzuncuOdevUITests */ = {
			isa = PBXFileSystemSynchronizedRootGroup;
			path = DokuzuncuOdevUITests;
			sourceTree = "<group>";
		};
/* End PBXFileSystemSynchronizedRootGroup section */

/* Begin PBXFrameworksBuildPhase section */
		062AE31B2E7C4FF00081BA88 /* Frameworks */ = {
			isa = PBXFrameworksBuildPhase;
			buildActionMask = 2147483647;
			files = (
			);
			runOnlyForDeploymentPostprocessing = 0;
		};
		062AE3282E7C4FF10081BA88 /* Frameworks */ = {
			isa = PBXFrameworksBuildPhase;
			buildActionMask = 2147483647;
			files = (
			);
			runOnlyForDeploymentPostprocessing = 0;
		};
		062AE3322E7C4FF10081BA88 /* Frameworks */ = {
			isa = PBXFrameworksBuildPhase;
			buildActionMask = 2147483647;
			files = (
			);
			runOnlyForDeploymentPostprocessing = 0;
		};
/* End PBXFrameworksBuildPhase section */

/* Begin PBXGroup section */
		062AE3152E7C4FF00081BA88 = {
			isa = PBXGroup;
			children = (
				062AE3202E7C4FF00081BA88 /* DokuzuncuOdev */,
				062AE32E2E7C4FF10081BA88 /* DokuzuncuOdevTests */,
				062AE3382E7C4FF10081BA88 /* DokuzuncuOdevUITests */,
				062AE31F2E7C4FF00081BA88 /* Products */,
			);
			sourceTree = "<group>";
		};
		062AE31F2E7C4FF00081BA88 /* Products */ = {
			isa = PBXGroup;
			children = (
				062AE31E2E7C4FF00081BA88 /* DokuzuncuOdev.app */,
				062AE32B2E7C4FF10081BA88 /* DokuzuncuOdevTests.xctest */,
				062AE3352E7C4FF10081BA88 /* DokuzuncuOdevUITests.xctest */,
			);
			name = Products;
			sourceTree = "<group>";
		};
/* End PBXGroup section */

/* Begin PBXNativeTarget section */
		062AE31D2E7C4FF00081BA88 /* DokuzuncuOdev */ = {
			isa = PBXNativeTarget;
			buildConfigurationList = 062AE33F2E7C4FF10081BA88 /* Build configuration list for PBXNativeTarget "DokuzuncuOdev" */;
			buildPhases = (
				062AE31A2E7C4FF00081BA88 /* Sources */,
				062AE31B2E7C4FF00081BA88 /* Frameworks */,
				062AE31C2E7C4FF00081BA88 /* Resources */,
			);
			buildRules = (
			);
			dependencies = (
			);
			fileSystemSynchronizedGroups = (
				062AE3202E7C4FF00081BA88 /* DokuzuncuOdev */,
			);
			name = DokuzuncuOdev;
			packageProductDependencies = (
			);
			productName = DokuzuncuOdev;
			productReference = 062AE31E2E7C4FF00081BA88 /* DokuzuncuOdev.app */;
			productType = "com.apple.product-type.application";
		};
		062AE32A2E7C4FF10081BA88 /* DokuzuncuOdevTests */ = {
			isa = PBXNativeTarget;
			buildConfigurationList = 062AE3422E7C4FF10081BA88 /* Build configuration list for PBXNativeTarget "DokuzuncuOdevTests" */;
			buildPhases = (
				062AE3272E7C4FF10081BA88 /* Sources */,
				062AE3282E7C4FF10081BA88 /* Frameworks */,
				062AE3292E7C4FF10081BA88 /* Resources */,
			);
			buildRules = (
			);
			dependencies = (
				062AE32D2E7C4FF10081BA88 /* PBXTargetDependency */,
			);
			fileSystemSynchronizedGroups = (
				062AE32E2E7C4FF10081BA88 /* DokuzuncuOdevTests */,
			);
			name = DokuzuncuOdevTests;
			packageProductDependencies = (
			);
			productName = DokuzuncuOdevTests;
			productReference = 062AE32B2E7C4FF10081BA88 /* DokuzuncuOdevTests.xctest */;
			productType = "com.apple.product-type.bundle.unit-test";
		};
		062AE3342E7C4FF10081BA88 /* DokuzuncuOdevUITests */ = {
			isa = PBXNativeTarget;
			buildConfigurationList = 062AE3452E7C4FF10081BA88 /* Build configuration list for PBXNativeTarget "DokuzuncuOdevUITests" */;
			buildPhases = (
				062AE3312E7C4FF10081BA88 /* Sources */,
				062AE3322E7C4FF10081BA88 /* Frameworks */,
				062AE3332E7C4FF10081BA88 /* Resources */,
			);
			buildRules = (
			);
			dependencies = (
				062AE3372E7C4FF10081BA88 /* PBXTargetDependency */,
			);
			fileSystemSynchronizedGroups = (
				062AE3382E7C4FF10081BA88 /* DokuzuncuOdevUITests */,
			);
			name = DokuzuncuOdevUITests;
			packageProductDependencies = (
			);
			productName = DokuzuncuOdevUITests;
			productReference = 062AE3352E7C4FF10081BA88 /* DokuzuncuOdevUITests.xctest */;
			productType = "com.apple.product-type.bundle.ui-testing";
		};
/* End PBXNativeTarget section */

/* Begin PBXProject section */
		062AE3162E7C4FF00081BA88 /* Project object */ = {
			isa = PBXProject;
			attributes = {
				BuildIndependentTargetsInParallel = 1;
				LastSwiftUpdateCheck = 1640;
				LastUpgradeCheck = 1640;
				TargetAttributes = {
					062AE31D2E7C4FF00081BA88 = {
						CreatedOnToolsVersion = 16.4;
					};
					062AE32A2E7C4FF10081BA88 = {
						CreatedOnToolsVersion = 16.4;
						TestTargetID = 062AE31D2E7C4FF00081BA88;
					};
					062AE3342E7C4FF10081BA88 = {
						CreatedOnToolsVersion = 16.4;
						TestTargetID = 062AE31D2E7C4FF00081BA88;
					};
				};
			};
			buildConfigurationList = 062AE3192E7C4FF00081BA88 /* Build configuration list for PBXProject "DokuzuncuOdev" */;
			developmentRegion = en;
			hasScannedForEncodings = 0;
			knownRegions = (
				en,
				Base,
			);
			mainGroup = 062AE3152E7C4FF00081BA88;
			minimizedProjectReferenceProxies = 1;
			preferredProjectObjectVersion = 77;
			productRefGroup = 062AE31F2E7C4FF00081BA88 /* Products */;
			projectDirPath = "";
			projectRoot = "";
			targets = (
				062AE31D2E7C4FF00081BA88 /* DokuzuncuOdev */,
				062AE32A2E7C4FF10081BA88 /* DokuzuncuOdevTests */,
				062AE3342E7C4FF10081BA88 /* DokuzuncuOdevUITests */,
			);
		};
/* End PBXProject section */

/* Begin PBXResourcesBuildPhase section */
		062AE31C2E7C4FF00081BA88 /* Resources */ = {
			isa = PBXResourcesBuildPhase;
			buildActionMask = 2147483647;
			files = (
			);
			runOnlyForDeploymentPostprocessing = 0;
		};
		062AE3292E7C4FF10081BA88 /* Resources */ = {
			isa = PBXResourcesBuildPhase;
			buildActionMask = 2147483647;
			files = (
			);
			runOnlyForDeploymentPostprocessing = 0;
		};
		062AE3332E7C4FF10081BA88 /* Resources */ = {
			isa = PBXResourcesBuildPhase;
			buildActionMask = 2147483647;
			files = (
			);
			runOnlyForDeploymentPostprocessing = 0;
		};
/* End PBXResourcesBuildPhase section */

/* Begin PBXSourcesBuildPhase section */
		062AE31A2E7C4FF00081BA88 /* Sources */ = {
			isa = PBXSourcesBuildPhase;
			buildActionMask = 2147483647;
			files = (
			);
			runOnlyForDeploymentPostprocessing = 0;
		};
		062AE3272E7C4FF10081BA88 /* Sources */ = {
			isa = PBXSourcesBuildPhase;
			buildActionMask = 2147483647;
			files = (
			);
			runOnlyForDeploymentPostprocessing = 0;
		};
		062AE3312E7C4FF10081BA88 /* Sources */ = {
			isa = PBXSourcesBuildPhase;
			buildActionMask = 2147483647;
			files = (
			);
			runOnlyForDeploymentPostprocessing = 0;
		};
/* End PBXSourcesBuildPhase section */

/* Begin PBXTargetDependency section */
		062AE32D2E7C4FF10081BA88 /* PBXTargetDependency */ = {
			isa = PBXTargetDependency;
			target = 062AE31D2E7C4FF00081BA88 /* DokuzuncuOdev */;
			targetProxy = 062AE32C2E7C4FF10081BA88 /* PBXContainerItemProxy */;
		};
		062AE3372E7C4FF10081BA88 /* PBXTargetDependency */ = {
			isa = PBXTargetDependency;
			target = 062AE31D2E7C4FF00081BA88 /* DokuzuncuOdev */;
			targetProxy = 062AE3362E7C4FF10081BA88 /* PBXContainerItemProxy */;
		};
/* End PBXTargetDependency section */

/* Begin XCBuildConfiguration section */
		062AE33D2E7C4FF10081BA88 /* Debug */ = {
			isa = XCBuildConfiguration;
			buildSettings = {
				ALWAYS_SEARCH_USER_PATHS = NO;
				ASSETCATALOG_COMPILER_GENERATE_SWIFT_ASSET_SYMBOL_EXTENSIONS = YES;
				CLANG_ANALYZER_NONNULL = YES;
				CLANG_ANALYZER_NUMBER_OBJECT_CONVERSION = YES_AGGRESSIVE;
				CLANG_CXX_LANGUAGE_STANDARD = "gnu++20";
				CLANG_ENABLE_MODULES = YES;
				CLANG_ENABLE_OBJC_ARC = YES;
				CLANG_ENABLE_OBJC_WEAK = YES;
				CLANG_WARN_BLOCK_CAPTURE_AUTORELEASING = YES;
				CLANG_WARN_BOOL_CONVERSION = YES;
				CLANG_WARN_COMMA = YES;
				CLANG_WARN_CONSTANT_CONVERSION = YES;
				CLANG_WARN_DEPRECATED_OBJC_IMPLEMENTATIONS = YES;
				CLANG_WARN_DIRECT_OBJC_ISA_USAGE = YES_ERROR;
				CLANG_WARN_DOCUMENTATION_COMMENTS = YES;
				CLANG_WARN_EMPTY_BODY = YES;
				CLANG_WARN_ENUM_CONVERSION = YES;
				CLANG_WARN_INFINITE_RECURSION = YES;
				CLANG_WARN_INT_CONVERSION = YES;
				CLANG_WARN_NON_LITERAL_NULL_CONVERSION = YES;
				CLANG_WARN_OBJC_IMPLICIT_RETAIN_SELF = YES;
				CLANG_WARN_OBJC_LITERAL_CONVERSION = YES;
				CLANG_WARN_OBJC_ROOT_CLASS = YES_ERROR;
				CLANG_WARN_QUOTED_INCLUDE_IN_FRAMEWORK_HEADER = YES;
				CLANG_WARN_RANGE_LOOP_ANALYSIS = YES;
				CLANG_WARN_STRICT_PROTOTYPES = YES;
				CLANG_WARN_SUSPICIOUS_MOVE = YES;
				CLANG_WARN_UNGUARDED_AVAILABILITY = YES_AGGRESSIVE;
				CLANG_WARN_UNREACHABLE_CODE = YES;
				CLANG_WARN__DUPLICATE_METHOD_MATCH = YES;
				COPY_PHASE_STRIP = NO;
				DEBUG_INFORMATION_FORMAT = dwarf;
				DEVELOPMENT_TEAM = HZ4MGAG87D;
				ENABLE_STRICT_OBJC_MSGSEND = YES;
				ENABLE_TESTABILITY = YES;
				ENABLE_USER_SCRIPT_SANDBOXING = YES;
				GCC_C_LANGUAGE_STANDARD = gnu17;
				GCC_DYNAMIC_NO_PIC = NO;
				GCC_NO_COMMON_BLOCKS = YES;
				GCC_OPTIMIZATION_LEVEL = 0;
				GCC_PREPROCESSOR_DEFINITIONS = (
					"DEBUG=1",
					"$(inherited)",
				);
				GCC_WARN_64_TO_32_BIT_CONVERSION = YES;
				GCC_WARN_ABOUT_RETURN_TYPE = YES_ERROR;
				GCC_WARN_UNDECLARED_SELECTOR = YES;
				GCC_WARN_UNINITIALIZED_AUTOS = YES_AGGRESSIVE;
				GCC_WARN_UNUSED_FUNCTION = YES;
				GCC_WARN_UNUSED_VARIABLE = YES;
				IPHONEOS_DEPLOYMENT_TARGET = 18.5;
				LOCALIZATION_PREFERS_STRING_CATALOGS = YES;
				MTL_ENABLE_DEBUG_INFO = INCLUDE_SOURCE;
				MTL_FAST_MATH = YES;
				ONLY_ACTIVE_ARCH = YES;
				SDKROOT = iphoneos;
				SWIFT_ACTIVE_COMPILATION_CONDITIONS = "DEBUG $(inherited)";
				SWIFT_OPTIMIZATION_LEVEL = "-Onone";
			};
			name = Debug;
		};
		062AE33E2E7C4FF10081BA88 /* Release */ = {
			isa = XCBuildConfiguration;
			buildSettings = {
				ALWAYS_SEARCH_USER_PATHS = NO;
				ASSETCATALOG_COMPILER_GENERATE_SWIFT_ASSET_SYMBOL_EXTENSIONS = YES;
				CLANG_ANALYZER_NONNULL = YES;
				CLANG_ANALYZER_NUMBER_OBJECT_CONVERSION = YES_AGGRESSIVE;
				CLANG_CXX_LANGUAGE_STANDARD = "gnu++20";
				CLANG_ENABLE_MODULES = YES;
				CLANG_ENABLE_OBJC_ARC = YES;
				CLANG_ENABLE_OBJC_WEAK = YES;
				CLANG_WARN_BLOCK_CAPTURE_AUTORELEASING = YES;
				CLANG_WARN_BOOL_CONVERSION = YES;
				CLANG_WARN_COMMA = YES;
				CLANG_WARN_CONSTANT_CONVERSION = YES;
				CLANG_WARN_DEPRECATED_OBJC_IMPLEMENTATIONS = YES;
				CLANG_WARN_DIRECT_OBJC_ISA_USAGE = YES_ERROR;
				CLANG_WARN_DOCUMENTATION_COMMENTS = YES;
				CLANG_WARN_EMPTY_BODY = YES;
				CLANG_WARN_ENUM_CONVERSION = YES;
				CLANG_WARN_INFINITE_RECURSION = YES;
				CLANG_WARN_INT_CONVERSION = YES;
				CLANG_WARN_NON_LITERAL_NULL_CONVERSION = YES;
				CLANG_WARN_OBJC_IMPLICIT_RETAIN_SELF = YES;
				CLANG_WARN_OBJC_LITERAL_CONVERSION = YES;
				CLANG_WARN_OBJC_ROOT_CLASS = YES_ERROR;
				CLANG_WARN_QUOTED_INCLUDE_IN_FRAMEWORK_HEADER = YES;
				CLANG_WARN_RANGE_LOOP_ANALYSIS = YES;
				CLANG_WARN_STRICT_PROTOTYPES = YES;
				CLANG_WARN_SUSPICIOUS_MOVE = YES;
				CLANG_WARN_UNGUARDED_AVAILABILITY = YES_AGGRESSIVE;
				CLANG_WARN_UNREACHABLE_CODE = YES;
				CLANG_WARN__DUPLICATE_METHOD_MATCH = YES;
				COPY_PHASE_STRIP = NO;
				DEBUG_INFORMATION_FORMAT = "dwarf-with-dsym";
				DEVELOPMENT_TEAM = HZ4MGAG87D;
				ENABLE_NS_ASSERTIONS = NO;
				ENABLE_STRICT_OBJC_MSGSEND = YES;
				ENABLE_USER_SCRIPT_SANDBOXING = YES;
				GCC_C_LANGUAGE_STANDARD = gnu17;
				GCC_NO_COMMON_BLOCKS = YES;
				GCC_WARN_64_TO_32_BIT_CONVERSION = YES;
				GCC_WARN_ABOUT_RETURN_TYPE = YES_ERROR;
				GCC_WARN_UNDECLARED_SELECTOR = YES;
				GCC_WARN_UNINITIALIZED_AUTOS = YES_AGGRESSIVE;
				GCC_WARN_UNUSED_FUNCTION = YES;
				GCC_WARN_UNUSED_VARIABLE = YES;
				IPHONEOS_DEPLOYMENT_TARGET = 18.5;
				LOCALIZATION_PREFERS_STRING_CATALOGS = YES;
				MTL_ENABLE_DEBUG_INFO = NO;
				MTL_FAST_MATH = YES;
				SDKROOT = iphoneos;
				SWIFT_COMPILATION_MODE = wholemodule;
				VALIDATE_PRODUCT = YES;
			};
			name = Release;
		};
		062AE3402E7C4FF10081BA88 /* Debug */ = {
			isa = XCBuildConfiguration;
			buildSettings = {
				ASSETCATALOG_COMPILER_APPICON_NAME = AppIcon;
				ASSETCATALOG_COMPILER_GLOBAL_ACCENT_COLOR_NAME = AccentColor;
				CODE_SIGN_STYLE = Automatic;
				CURRENT_PROJECT_VERSION = 1;
				DEVELOPMENT_TEAM = HZ4MGAG87D;
				ENABLE_PREVIEWS = YES;
				GENERATE_INFOPLIST_FILE = YES;
				INFOPLIST_KEY_UIApplicationSceneManifest_Generation = YES;
				INFOPLIST_KEY_UIApplicationSupportsIndirectInputEvents = YES;
				INFOPLIST_KEY_UILaunchScreen_Generation = YES;
				INFOPLIST_KEY_UISupportedInterfaceOrientations_iPad = "UIInterfaceOrientationPortrait UIInterfaceOrientationPortraitUpsideDown UIInterfaceOrientationLandscapeLeft UIInterfaceOrientationLandscapeRight";
				INFOPLIST_KEY_UISupportedInterfaceOrientations_iPhone = "UIInterfaceOrientationPortrait UIInterfaceOrientationLandscapeLeft UIInterfaceOrientationLandscapeRight";
				LD_RUNPATH_SEARCH_PATHS = (
					"$(inherited)",
					"@executable_path/Frameworks",
				);
				MARKETING_VERSION = 1.0;
				PRODUCT_BUNDLE_IDENTIFIER = bekoszn.DokuzuncuOdev;
				PRODUCT_NAME = "$(TARGET_NAME)";
				SWIFT_EMIT_LOC_STRINGS = YES;
				SWIFT_VERSION = 5.0;
				TARGETED_DEVICE_FAMILY = "1,2";
			};
			name = Debug;
		};
		062AE3412E7C4FF10081BA88 /* Release */ = {
			isa = XCBuildConfiguration;
			buildSettings = {
				ASSETCATALOG_COMPILER_APPICON_NAME = AppIcon;
				ASSETCATALOG_COMPILER_GLOBAL_ACCENT_COLOR_NAME = AccentColor;
				CODE_SIGN_STYLE = Automatic;
				CURRENT_PROJECT_VERSION = 1;
				DEVELOPMENT_TEAM = HZ4MGAG87D;
				ENABLE_PREVIEWS = YES;
				GENERATE_INFOPLIST_FILE = YES;
				INFOPLIST_KEY_UIApplicationSceneManifest_Generation = YES;
				INFOPLIST_KEY_UIApplicationSupportsIndirectInputEvents = YES;
				INFOPLIST_KEY_UILaunchScreen_Generation = YES;
				INFOPLIST_KEY_UISupportedInterfaceOrientations_iPad = "UIInterfaceOrientationPortrait UIInterfaceOrientationPortraitUpsideDown UIInterfaceOrientationLandscapeLeft UIInterfaceOrientationLandscapeRight";
				INFOPLIST_KEY_UISupportedInterfaceOrientations_iPhone = "UIInterfaceOrientationPortrait UIInterfaceOrientationLandscapeLeft UIInterfaceOrientationLandscapeRight";
				LD_RUNPATH_SEARCH_PATHS = (
					"$(inherited)",
					"@executable_path/Frameworks",
				);
				MARKETING_VERSION = 1.0;
				PRODUCT_BUNDLE_IDENTIFIER = bekoszn.DokuzuncuOdev;
				PRODUCT_NAME = "$(TARGET_NAME)";
				SWIFT_EMIT_LOC_STRINGS = YES;
				SWIFT_VERSION = 5.0;
				TARGETED_DEVICE_FAMILY = "1,2";
			};
			name = Release;
		};
		062AE3432E7C4FF10081BA88 /* Debug */ = {
			isa = XCBuildConfiguration;
			buildSettings = {
				BUNDLE_LOADER = "$(TEST_HOST)";
				CODE_SIGN_STYLE = Automatic;
				CURRENT_PROJECT_VERSION = 1;
				DEVELOPMENT_TEAM = HZ4MGAG87D;
				GENERATE_INFOPLIST_FILE = YES;
				IPHONEOS_DEPLOYMENT_TARGET = 18.5;
				MARKETING_VERSION = 1.0;
				PRODUCT_BUNDLE_IDENTIFIER = bekoszn.DokuzuncuOdevTests;
				PRODUCT_NAME = "$(TARGET_NAME)";
				SWIFT_EMIT_LOC_STRINGS = NO;
				SWIFT_VERSION = 5.0;
				TARGETED_DEVICE_FAMILY = "1,2";
				TEST_HOST = "$(BUILT_PRODUCTS_DIR)/DokuzuncuOdev.app/$(BUNDLE_EXECUTABLE_FOLDER_PATH)/DokuzuncuOdev";
			};
			name = Debug;
		};
		062AE3442E7C4FF10081BA88 /* Release */ = {
			isa = XCBuildConfiguration;
			buildSettings = {
				BUNDLE_LOADER = "$(TEST_HOST)";
				CODE_SIGN_STYLE = Automatic;
				CURRENT_PROJECT_VERSION = 1;
				DEVELOPMENT_TEAM = HZ4MGAG87D;
				GENERATE_INFOPLIST_FILE = YES;
				IPHONEOS_DEPLOYMENT_TARGET = 18.5;
				MARKETING_VERSION = 1.0;
				PRODUCT_BUNDLE_IDENTIFIER = bekoszn.DokuzuncuOdevTests;
				PRODUCT_NAME = "$(TARGET_NAME)";
				SWIFT_EMIT_LOC_STRINGS = NO;
				SWIFT_VERSION = 5.0;
				TARGETED_DEVICE_FAMILY = "1,2";
				TEST_HOST = "$(BUILT_PRODUCTS_DIR)/DokuzuncuOdev.app/$(BUNDLE_EXECUTABLE_FOLDER_PATH)/DokuzuncuOdev";
			};
			name = Release;
		};
		062AE3462E7C4FF10081BA88 /* Debug */ = {
			isa = XCBuildConfiguration;
			buildSettings = {
				CODE_SIGN_STYLE = Automatic;
				CURRENT_PROJECT_VERSION = 1;
				DEVELOPMENT_TEAM = HZ4MGAG87D;
				GENERATE_INFOPLIST_FILE = YES;
				MARKETING_VERSION = 1.0;
				PRODUCT_BUNDLE_IDENTIFIER = bekoszn.DokuzuncuOdevUITests;
				PRODUCT_NAME = "$(TARGET_NAME)";
				SWIFT_EMIT_LOC_STRINGS = NO;
				SWIFT_VERSION = 5.0;
				TARGETED_DEVICE_FAMILY = "1,2";
				TEST_TARGET_NAME = DokuzuncuOdev;
			};
			name = Debug;
		};
		062AE3472E7C4FF10081BA88 /* Release */ = {
			isa = XCBuildConfiguration;
			buildSettings = {
				CODE_SIGN_STYLE = Automatic;
				CURRENT_PROJECT_VERSION = 1;
				DEVELOPMENT_TEAM = HZ4MGAG87D;
				GENERATE_INFOPLIST_FILE = YES;
				MARKETING_VERSION = 1.0;
				PRODUCT_BUNDLE_IDENTIFIER = bekoszn.DokuzuncuOdevUITests;
				PRODUCT_NAME = "$(TARGET_NAME)";
				SWIFT_EMIT_LOC_STRINGS = NO;
				SWIFT_VERSION = 5.0;
				TARGETED_DEVICE_FAMILY = "1,2";
				TEST_TARGET_NAME = DokuzuncuOdev;
			};
			name = Release;
		};
/* End XCBuildConfiguration section */

/* Begin XCConfigurationList section */
		062AE3192E7C4FF00081BA88 /* Build configuration list for PBXProject "DokuzuncuOdev" */ = {
			isa = XCConfigurationList;
			buildConfigurations = (
				062AE33D2E7C4FF10081BA88 /* Debug */,
				062AE33E2E7C4FF10081BA88 /* Release */,
			);
			defaultConfigurationIsVisible = 0;
			defaultConfigurationName = Release;
		};
		062AE33F2E7C4FF10081BA88 /* Build configuration list for PBXNativeTarget "DokuzuncuOdev" */ = {
			isa = XCConfigurationList;
			buildConfigurations = (
				062AE3402E7C4FF10081BA88 /* Debug */,
				062AE3412E7C4FF10081BA88 /* Release */,
			);
			defaultConfigurationIsVisible = 0;
			defaultConfigurationName = Release;
		};
		062AE3422E7C4FF10081BA88 /* Build configuration list for PBXNativeTarget "DokuzuncuOdevTests" */ = {
			isa = XCConfigurationList;
			buildConfigurations = (
				062AE3432E7C4FF10081BA88 /* Debug */,
				062AE3442E7C4FF10081BA88 /* Release */,
			);
			defaultConfigurationIsVisible = 0;
			defaultConfigurationName = Release;
		};
		062AE3452E7C4FF10081BA88 /* Build configuration list for PBXNativeTarget "DokuzuncuOdevUITests" */ = {
			isa = XCConfigurationList;
			buildConfigurations = (
				062AE3462E7C4FF10081BA88 /* Debug */,
				062AE3472E7C4FF10081BA88 /* Release */,
			);
			defaultConfigurationIsVisible = 0;
			defaultConfigurationName = Release;
		};
/* End XCConfigurationList section */
	};
	rootObject = 062AE3162E7C4FF00081BA88 /* Project object */;
}
