// !$*UTF8*$!
{
	archiveVersion = 1;
	classes = {
	};
	objectVersion = 77;
	objects = {

/* Begin PBXBuildFile section */
		06E638442EA684350062AF03 /* WidgetKit.framework in Frameworks */ = {isa = PBXBuildFile; fileRef = 06E638432EA684350062AF03 /* WidgetKit.framework */; };
		06E638462EA684350062AF03 /* SwiftUI.framework in Frameworks */ = {isa = PBXBuildFile; fileRef = 06E638452EA684350062AF03 /* SwiftUI.framework */; };
		06E638572EA684370062AF03 /* TaskWidgetExtension.appex in Embed Foundation Extensions */ = {isa = PBXBuildFile; fileRef = 06E638412EA684350062AF03 /* TaskWidgetExtension.appex */; settings = {ATTRIBUTES = (RemoveHeadersOnCopy, ); }; };
		06E6386A2EA684790062AF03 /* TaskIntents.appex in Embed ExtensionKit Extensions */ = {isa = PBXBuildFile; fileRef = 06E638612EA684790062AF03 /* TaskIntents.appex */; settings = {ATTRIBUTES = (RemoveHeadersOnCopy, ); }; };
/* End PBXBuildFile section */

/* Begin PBXContainerItemProxy section */
		06E6380F2EA682690062AF03 /* PBXContainerItemProxy */ = {
			isa = PBXContainerItemProxy;
			containerPortal = 06E637F92EA682680062AF03 /* Project object */;
			proxyType = 1;
			remoteGlobalIDString = 06E638002EA682680062AF03;
			remoteInfo = Widget13App;
		};
		06E638192EA682690062AF03 /* PBXContainerItemProxy */ = {
			isa = PBXContainerItemProxy;
			containerPortal = 06E637F92EA682680062AF03 /* Project object */;
			proxyType = 1;
			remoteGlobalIDString = 06E638002EA682680062AF03;
			remoteInfo = Widget13App;
		};
		06E638552EA684370062AF03 /* PBXContainerItemProxy */ = {
			isa = PBXContainerItemProxy;
			containerPortal = 06E637F92EA682680062AF03 /* Project object */;
			proxyType = 1;
			remoteGlobalIDString = 06E638402EA684350062AF03;
			remoteInfo = TaskWidgetExtension;
		};
		06E638682EA684790062AF03 /* PBXContainerItemProxy */ = {
			isa = PBXContainerItemProxy;
			containerPortal = 06E637F92EA682680062AF03 /* Project object */;
			proxyType = 1;
			remoteGlobalIDString = 06E638602EA684790062AF03;
			remoteInfo = TaskIntents;
		};
/* End PBXContainerItemProxy section */

/* Begin PBXCopyFilesBuildPhase section */
		06E6385C2EA684370062AF03 /* Embed Foundation Extensions */ = {
			isa = PBXCopyFilesBuildPhase;
			buildActionMask = 2147483647;
			dstPath = "";
			dstSubfolderSpec = 13;
			files = (
				06E638572EA684370062AF03 /* TaskWidgetExtension.appex in Embed Foundation Extensions */,
			);
			name = "Embed Foundation Extensions";
			runOnlyForDeploymentPostprocessing = 0;
		};
		06E6386F2EA684790062AF03 /* Embed ExtensionKit Extensions */ = {
			isa = PBXCopyFilesBuildPhase;
			buildActionMask = 2147483647;
			dstPath = "$(EXTENSIONS_FOLDER_PATH)";
			dstSubfolderSpec = 16;
			files = (
				06E6386A2EA684790062AF03 /* TaskIntents.appex in Embed ExtensionKit Extensions */,
			);
			name = "Embed ExtensionKit Extensions";
			runOnlyForDeploymentPostprocessing = 0;
		};
/* End PBXCopyFilesBuildPhase section */

/* Begin PBXFileReference section */
		06E638012EA682680062AF03 /* Widget13App.app */ = {isa = PBXFileReference; explicitFileType = wrapper.application; includeInIndex = 0; path = Widget13App.app; sourceTree = BUILT_PRODUCTS_DIR; };
		06E6380E2EA682690062AF03 /* Widget13AppTests.xctest */ = {isa = PBXFileReference; explicitFileType = wrapper.cfbundle; includeInIndex = 0; path = Widget13AppTests.xctest; sourceTree = BUILT_PRODUCTS_DIR; };
		06E638182EA682690062AF03 /* Widget13AppUITests.xctest */ = {isa = PBXFileReference; explicitFileType = wrapper.cfbundle; includeInIndex = 0; path = Widget13AppUITests.xctest; sourceTree = BUILT_PRODUCTS_DIR; };
		06E638412EA684350062AF03 /* TaskWidgetExtension.appex */ = {isa = PBXFileReference; explicitFileType = "wrapper.app-extension"; includeInIndex = 0; path = TaskWidgetExtension.appex; sourceTree = BUILT_PRODUCTS_DIR; };
		06E638432EA684350062AF03 /* WidgetKit.framework */ = {isa = PBXFileReference; lastKnownFileType = wrapper.framework; name = WidgetKit.framework; path = System/Library/Frameworks/WidgetKit.framework; sourceTree = SDKROOT; };
		06E638452EA684350062AF03 /* SwiftUI.framework */ = {isa = PBXFileReference; lastKnownFileType = wrapper.framework; name = SwiftUI.framework; path = System/Library/Frameworks/SwiftUI.framework; sourceTree = SDKROOT; };
		06E638612EA684790062AF03 /* TaskIntents.appex */ = {isa = PBXFileReference; explicitFileType = "wrapper.extensionkit-extension"; includeInIndex = 0; path = TaskIntents.appex; sourceTree = BUILT_PRODUCTS_DIR; };
		06E638802EA68AAD0062AF03 /* TaskWidgetExtension.entitlements */ = {isa = PBXFileReference; lastKnownFileType = text.plist.entitlements; path = TaskWidgetExtension.entitlements; sourceTree = "<group>"; };
/* End PBXFileReference section */

/* Begin PBXFileSystemSynchronizedBuildFileExceptionSet section */
		06E638582EA684370062AF03 /* Exceptions for "TaskWidget" folder in "TaskWidgetExtension" target */ = {
			isa = PBXFileSystemSynchronizedBuildFileExceptionSet;
			membershipExceptions = (
				Info.plist,
			);
			target = 06E638402EA684350062AF03 /* TaskWidgetExtension */;
		};
		06E6386B2EA684790062AF03 /* Exceptions for "TaskIntents" folder in "TaskIntents" target */ = {
			isa = PBXFileSystemSynchronizedBuildFileExceptionSet;
			membershipExceptions = (
				Info.plist,
			);
			target = 06E638602EA684790062AF03 /* TaskIntents */;
		};
		06E638722EA685540062AF03 /* Exceptions for "Widget13App" folder in "TaskWidgetExtension" target */ = {
			isa = PBXFileSystemSynchronizedBuildFileExceptionSet;
			membershipExceptions = (
				Intents/AddQuickTaskIntent.swift,
				Shared/AppConstants.swift,
				Shared/Models.swift,
				Shared/SharedModelContainer.swift,
			);
			target = 06E638402EA684350062AF03 /* TaskWidgetExtension */;
		};
		06E638732EA685540062AF03 /* Exceptions for "Widget13App" folder in "TaskIntents" target */ = {
			isa = PBXFileSystemSynchronizedBuildFileExceptionSet;
			membershipExceptions = (
				Intents/AddQuickTaskIntent.swift,
				Shared/AppConstants.swift,
				Shared/Models.swift,
				Shared/SharedModelContainer.swift,
			);
			target = 06E638602EA684790062AF03 /* TaskIntents */;
		};
		06E638792EA6859F0062AF03 /* Exceptions for "Widget13App" folder in "Widget13App" target */ = {
			isa = PBXFileSystemSynchronizedBuildFileExceptionSet;
			membershipExceptions = (
				Intents/AddQuickTaskIntent.swift,
			);
			target = 06E638002EA682680062AF03 /* Widget13App */;
		};
/* End PBXFileSystemSynchronizedBuildFileExceptionSet section */

/* Begin PBXFileSystemSynchronizedRootGroup section */
		06E638032EA682680062AF03 /* Widget13App */ = {
			isa = PBXFileSystemSynchronizedRootGroup;
			exceptions = (
				06E638792EA6859F0062AF03 /* Exceptions for "Widget13App" folder in "Widget13App" target */,
				06E638722EA685540062AF03 /* Exceptions for "Widget13App" folder in "TaskWidgetExtension" target */,
				06E638732EA685540062AF03 /* Exceptions for "Widget13App" folder in "TaskIntents" target */,
			);
			path = Widget13App;
			sourceTree = "<group>";
		};
		06E638112EA682690062AF03 /* Widget13AppTests */ = {
			isa = PBXFileSystemSynchronizedRootGroup;
			path = Widget13AppTests;
			sourceTree = "<group>";
		};
		06E6381B2EA682690062AF03 /* Widget13AppUITests */ = {
			isa = PBXFileSystemSynchronizedRootGroup;
			path = Widget13AppUITests;
			sourceTree = "<group>";
		};
		06E638472EA684350062AF03 /* TaskWidget */ = {
			isa = PBXFileSystemSynchronizedRootGroup;
			exceptions = (
				06E638582EA684370062AF03 /* Exceptions for "TaskWidget" folder in "TaskWidgetExtension" target */,
			);
			path = TaskWidget;
			sourceTree = "<group>";
		};
		06E638622EA684790062AF03 /* TaskIntents */ = {
			isa = PBXFileSystemSynchronizedRootGroup;
			exceptions = (
				06E6386B2EA684790062AF03 /* Exceptions for "TaskIntents" folder in "TaskIntents" target */,
			);
			path = TaskIntents;
			sourceTree = "<group>";
		};
/* End PBXFileSystemSynchronizedRootGroup section */

/* Begin PBXFrameworksBuildPhase section */
		06E637FE2EA682680062AF03 /* Frameworks */ = {
			isa = PBXFrameworksBuildPhase;
			buildActionMask = 2147483647;
			files = (
			);
			runOnlyForDeploymentPostprocessing = 0;
		};
		06E6380B2EA682690062AF03 /* Frameworks */ = {
			isa = PBXFrameworksBuildPhase;
			buildActionMask = 2147483647;
			files = (
			);
			runOnlyForDeploymentPostprocessing = 0;
		};
		06E638152EA682690062AF03 /* Frameworks */ = {
			isa = PBXFrameworksBuildPhase;
			buildActionMask = 2147483647;
			files = (
			);
			runOnlyForDeploymentPostprocessing = 0;
		};
		06E6383E2EA684350062AF03 /* Frameworks */ = {
			isa = PBXFrameworksBuildPhase;
			buildActionMask = 2147483647;
			files = (
				06E638462EA684350062AF03 /* SwiftUI.framework in Frameworks */,
				06E638442EA684350062AF03 /* WidgetKit.framework in Frameworks */,
			);
			runOnlyForDeploymentPostprocessing = 0;
		};
		06E6385E2EA684790062AF03 /* Frameworks */ = {
			isa = PBXFrameworksBuildPhase;
			buildActionMask = 2147483647;
			files = (
			);
			runOnlyForDeploymentPostprocessing = 0;
		};
/* End PBXFrameworksBuildPhase section */

/* Begin PBXGroup section */
		06E637F82EA682680062AF03 = {
			isa = PBXGroup;
			children = (
				06E638802EA68AAD0062AF03 /* TaskWidgetExtension.entitlements */,
				06E638032EA682680062AF03 /* Widget13App */,
				06E638112EA682690062AF03 /* Widget13AppTests */,
				06E6381B2EA682690062AF03 /* Widget13AppUITests */,
				06E638472EA684350062AF03 /* TaskWidget */,
				06E638622EA684790062AF03 /* TaskIntents */,
				06E638422EA684350062AF03 /* Frameworks */,
				06E638022EA682680062AF03 /* Products */,
			);
			sourceTree = "<group>";
		};
		06E638022EA682680062AF03 /* Products */ = {
			isa = PBXGroup;
			children = (
				06E638012EA682680062AF03 /* Widget13App.app */,
				06E6380E2EA682690062AF03 /* Widget13AppTests.xctest */,
				06E638182EA682690062AF03 /* Widget13AppUITests.xctest */,
				06E638412EA684350062AF03 /* TaskWidgetExtension.appex */,
				06E638612EA684790062AF03 /* TaskIntents.appex */,
			);
			name = Products;
			sourceTree = "<group>";
		};
		06E638422EA684350062AF03 /* Frameworks */ = {
			isa = PBXGroup;
			children = (
				06E638432EA684350062AF03 /* WidgetKit.framework */,
				06E638452EA684350062AF03 /* SwiftUI.framework */,
			);
			name = Frameworks;
			sourceTree = "<group>";
		};
/* End PBXGroup section */

/* Begin PBXNativeTarget section */
		06E638002EA682680062AF03 /* Widget13App */ = {
			isa = PBXNativeTarget;
			buildConfigurationList = 06E638222EA682690062AF03 /* Build configuration list for PBXNativeTarget "Widget13App" */;
			buildPhases = (
				06E637FD2EA682680062AF03 /* Sources */,
				06E637FE2EA682680062AF03 /* Frameworks */,
				06E637FF2EA682680062AF03 /* Resources */,
				06E6385C2EA684370062AF03 /* Embed Foundation Extensions */,
				06E6386F2EA684790062AF03 /* Embed ExtensionKit Extensions */,
			);
			buildRules = (
			);
			dependencies = (
				06E638562EA684370062AF03 /* PBXTargetDependency */,
				06E638692EA684790062AF03 /* PBXTargetDependency */,
			);
			fileSystemSynchronizedGroups = (
				06E638032EA682680062AF03 /* Widget13App */,
			);
			name = Widget13App;
			packageProductDependencies = (
			);
			productName = Widget13App;
			productReference = 06E638012EA682680062AF03 /* Widget13App.app */;
			productType = "com.apple.product-type.application";
		};
		06E6380D2EA682690062AF03 /* Widget13AppTests */ = {
			isa = PBXNativeTarget;
			buildConfigurationList = 06E638252EA682690062AF03 /* Build configuration list for PBXNativeTarget "Widget13AppTests" */;
			buildPhases = (
				06E6380A2EA682690062AF03 /* Sources */,
				06E6380B2EA682690062AF03 /* Frameworks */,
				06E6380C2EA682690062AF03 /* Resources */,
			);
			buildRules = (
			);
			dependencies = (
				06E638102EA682690062AF03 /* PBXTargetDependency */,
			);
			fileSystemSynchronizedGroups = (
				06E638112EA682690062AF03 /* Widget13AppTests */,
			);
			name = Widget13AppTests;
			packageProductDependencies = (
			);
			productName = Widget13AppTests;
			productReference = 06E6380E2EA682690062AF03 /* Widget13AppTests.xctest */;
			productType = "com.apple.product-type.bundle.unit-test";
		};
		06E638172EA682690062AF03 /* Widget13AppUITests */ = {
			isa = PBXNativeTarget;
			buildConfigurationList = 06E638282EA682690062AF03 /* Build configuration list for PBXNativeTarget "Widget13AppUITests" */;
			buildPhases = (
				06E638142EA682690062AF03 /* Sources */,
				06E638152EA682690062AF03 /* Frameworks */,
				06E638162EA682690062AF03 /* Resources */,
			);
			buildRules = (
			);
			dependencies = (
				06E6381A2EA682690062AF03 /* PBXTargetDependency */,
			);
			fileSystemSynchronizedGroups = (
				06E6381B2EA682690062AF03 /* Widget13AppUITests */,
			);
			name = Widget13AppUITests;
			packageProductDependencies = (
			);
			productName = Widget13AppUITests;
			productReference = 06E638182EA682690062AF03 /* Widget13AppUITests.xctest */;
			productType = "com.apple.product-type.bundle.ui-testing";
		};
		06E638402EA684350062AF03 /* TaskWidgetExtension */ = {
			isa = PBXNativeTarget;
			buildConfigurationList = 06E638592EA684370062AF03 /* Build configuration list for PBXNativeTarget "TaskWidgetExtension" */;
			buildPhases = (
				06E6383D2EA684350062AF03 /* Sources */,
				06E6383E2EA684350062AF03 /* Frameworks */,
				06E6383F2EA684350062AF03 /* Resources */,
			);
			buildRules = (
			);
			dependencies = (
			);
			fileSystemSynchronizedGroups = (
				06E638472EA684350062AF03 /* TaskWidget */,
			);
			name = TaskWidgetExtension;
			packageProductDependencies = (
			);
			productName = TaskWidgetExtension;
			productReference = 06E638412EA684350062AF03 /* TaskWidgetExtension.appex */;
			productType = "com.apple.product-type.app-extension";
		};
		06E638602EA684790062AF03 /* TaskIntents */ = {
			isa = PBXNativeTarget;
			buildConfigurationList = 06E6386C2EA684790062AF03 /* Build configuration list for PBXNativeTarget "TaskIntents" */;
			buildPhases = (
				06E6385D2EA684790062AF03 /* Sources */,
				06E6385E2EA684790062AF03 /* Frameworks */,
				06E6385F2EA684790062AF03 /* Resources */,
			);
			buildRules = (
			);
			dependencies = (
			);
			fileSystemSynchronizedGroups = (
				06E638622EA684790062AF03 /* TaskIntents */,
			);
			name = TaskIntents;
			packageProductDependencies = (
			);
			productName = TaskIntents;
			productReference = 06E638612EA684790062AF03 /* TaskIntents.appex */;
			productType = "com.apple.product-type.extensionkit-extension";
		};
/* End PBXNativeTarget section */

/* Begin PBXProject section */
		06E637F92EA682680062AF03 /* Project object */ = {
			isa = PBXProject;
			attributes = {
				BuildIndependentTargetsInParallel = 1;
				LastSwiftUpdateCheck = 2600;
				LastUpgradeCheck = 2600;
				TargetAttributes = {
					06E638002EA682680062AF03 = {
						CreatedOnToolsVersion = 26.0.1;
					};
					06E6380D2EA682690062AF03 = {
						CreatedOnToolsVersion = 26.0.1;
						TestTargetID = 06E638002EA682680062AF03;
					};
					06E638172EA682690062AF03 = {
						CreatedOnToolsVersion = 26.0.1;
						TestTargetID = 06E638002EA682680062AF03;
					};
					06E638402EA684350062AF03 = {
						CreatedOnToolsVersion = 26.0.1;
					};
					06E638602EA684790062AF03 = {
						CreatedOnToolsVersion = 26.0.1;
					};
				};
			};
			buildConfigurationList = 06E637FC2EA682680062AF03 /* Build configuration list for PBXProject "Widget13App" */;
			developmentRegion = en;
			hasScannedForEncodings = 0;
			knownRegions = (
				en,
				Base,
			);
			mainGroup = 06E637F82EA682680062AF03;
			minimizedProjectReferenceProxies = 1;
			preferredProjectObjectVersion = 77;
			productRefGroup = 06E638022EA682680062AF03 /* Products */;
			projectDirPath = "";
			projectRoot = "";
			targets = (
				06E638002EA682680062AF03 /* Widget13App */,
				06E6380D2EA682690062AF03 /* Widget13AppTests */,
				06E638172EA682690062AF03 /* Widget13AppUITests */,
				06E638402EA684350062AF03 /* TaskWidgetExtension */,
				06E638602EA684790062AF03 /* TaskIntents */,
			);
		};
/* End PBXProject section */

/* Begin PBXResourcesBuildPhase section */
		06E637FF2EA682680062AF03 /* Resources */ = {
			isa = PBXResourcesBuildPhase;
			buildActionMask = 2147483647;
			files = (
			);
			runOnlyForDeploymentPostprocessing = 0;
		};
		06E6380C2EA682690062AF03 /* Resources */ = {
			isa = PBXResourcesBuildPhase;
			buildActionMask = 2147483647;
			files = (
			);
			runOnlyForDeploymentPostprocessing = 0;
		};
		06E638162EA682690062AF03 /* Resources */ = {
			isa = PBXResourcesBuildPhase;
			buildActionMask = 2147483647;
			files = (
			);
			runOnlyForDeploymentPostprocessing = 0;
		};
		06E6383F2EA684350062AF03 /* Resources */ = {
			isa = PBXResourcesBuildPhase;
			buildActionMask = 2147483647;
			files = (
			);
			runOnlyForDeploymentPostprocessing = 0;
		};
		06E6385F2EA684790062AF03 /* Resources */ = {
			isa = PBXResourcesBuildPhase;
			buildActionMask = 2147483647;
			files = (
			);
			runOnlyForDeploymentPostprocessing = 0;
		};
/* End PBXResourcesBuildPhase section */

/* Begin PBXSourcesBuildPhase section */
		06E637FD2EA682680062AF03 /* Sources */ = {
			isa = PBXSourcesBuildPhase;
			buildActionMask = 2147483647;
			files = (
			);
			runOnlyForDeploymentPostprocessing = 0;
		};
		06E6380A2EA682690062AF03 /* Sources */ = {
			isa = PBXSourcesBuildPhase;
			buildActionMask = 2147483647;
			files = (
			);
			runOnlyForDeploymentPostprocessing = 0;
		};
		06E638142EA682690062AF03 /* Sources */ = {
			isa = PBXSourcesBuildPhase;
			buildActionMask = 2147483647;
			files = (
			);
			runOnlyForDeploymentPostprocessing = 0;
		};
		06E6383D2EA684350062AF03 /* Sources */ = {
			isa = PBXSourcesBuildPhase;
			buildActionMask = 2147483647;
			files = (
			);
			runOnlyForDeploymentPostprocessing = 0;
		};
		06E6385D2EA684790062AF03 /* Sources */ = {
			isa = PBXSourcesBuildPhase;
			buildActionMask = 2147483647;
			files = (
			);
			runOnlyForDeploymentPostprocessing = 0;
		};
/* End PBXSourcesBuildPhase section */

/* Begin PBXTargetDependency section */
		06E638102EA682690062AF03 /* PBXTargetDependency */ = {
			isa = PBXTargetDependency;
			target = 06E638002EA682680062AF03 /* Widget13App */;
			targetProxy = 06E6380F2EA682690062AF03 /* PBXContainerItemProxy */;
		};
		06E6381A2EA682690062AF03 /* PBXTargetDependency */ = {
			isa = PBXTargetDependency;
			target = 06E638002EA682680062AF03 /* Widget13App */;
			targetProxy = 06E638192EA682690062AF03 /* PBXContainerItemProxy */;
		};
		06E638562EA684370062AF03 /* PBXTargetDependency */ = {
			isa = PBXTargetDependency;
			target = 06E638402EA684350062AF03 /* TaskWidgetExtension */;
			targetProxy = 06E638552EA684370062AF03 /* PBXContainerItemProxy */;
		};
		06E638692EA684790062AF03 /* PBXTargetDependency */ = {
			isa = PBXTargetDependency;
			target = 06E638602EA684790062AF03 /* TaskIntents */;
			targetProxy = 06E638682EA684790062AF03 /* PBXContainerItemProxy */;
		};
/* End PBXTargetDependency section */

/* Begin XCBuildConfiguration section */
		06E638202EA682690062AF03 /* Debug */ = {
			isa = XCBuildConfiguration;
			buildSettings = {
				ALWAYS_SEARCH_USER_PATHS = NO;
				ASSETCATALOG_COMPILER_GENERATE_SWIFT_ASSET_SYMBOL_EXTENSIONS = YES;
				CLANG_ANALYZER_NONNULL = YES;
				CLANG_ANALYZER_NUMBER_OBJECT_CONVERSION = YES_AGGRESSIVE;
				CLANG_CXX_LANGUAGE_STANDARD = "gnu++20";
				CLANG_ENABLE_MODULES = YES;
				CLANG_ENABLE_OBJC_ARC = YES;
				CLANG_ENABLE_OBJC_WEAK = YES;
				CLANG_WARN_BLOCK_CAPTURE_AUTORELEASING = YES;
				CLANG_WARN_BOOL_CONVERSION = YES;
				CLANG_WARN_COMMA = YES;
				CLANG_WARN_CONSTANT_CONVERSION = YES;
				CLANG_WARN_DEPRECATED_OBJC_IMPLEMENTATIONS = YES;
				CLANG_WARN_DIRECT_OBJC_ISA_USAGE = YES_ERROR;
				CLANG_WARN_DOCUMENTATION_COMMENTS = YES;
				CLANG_WARN_EMPTY_BODY = YES;
				CLANG_WARN_ENUM_CONVERSION = YES;
				CLANG_WARN_INFINITE_RECURSION = YES;
				CLANG_WARN_INT_CONVERSION = YES;
				CLANG_WARN_NON_LITERAL_NULL_CONVERSION = YES;
				CLANG_WARN_OBJC_IMPLICIT_RETAIN_SELF = YES;
				CLANG_WARN_OBJC_LITERAL_CONVERSION = YES;
				CLANG_WARN_OBJC_ROOT_CLASS = YES_ERROR;
				CLANG_WARN_QUOTED_INCLUDE_IN_FRAMEWORK_HEADER = YES;
				CLANG_WARN_RANGE_LOOP_ANALYSIS = YES;
				CLANG_WARN_STRICT_PROTOTYPES = YES;
				CLANG_WARN_SUSPICIOUS_MOVE = YES;
				CLANG_WARN_UNGUARDED_AVAILABILITY = YES_AGGRESSIVE;
				CLANG_WARN_UNREACHABLE_CODE = YES;
				CLANG_WARN__DUPLICATE_METHOD_MATCH = YES;
				COPY_PHASE_STRIP = NO;
				DEBUG_INFORMATION_FORMAT = dwarf;
				DEVELOPMENT_TEAM = HZ4MGAG87D;
				ENABLE_STRICT_OBJC_MSGSEND = YES;
				ENABLE_TESTABILITY = YES;
				ENABLE_USER_SCRIPT_SANDBOXING = YES;
				GCC_C_LANGUAGE_STANDARD = gnu17;
				GCC_DYNAMIC_NO_PIC = NO;
				GCC_NO_COMMON_BLOCKS = YES;
				GCC_OPTIMIZATION_LEVEL = 0;
				GCC_PREPROCESSOR_DEFINITIONS = (
					"DEBUG=1",
					"$(inherited)",
				);
				GCC_WARN_64_TO_32_BIT_CONVERSION = YES;
				GCC_WARN_ABOUT_RETURN_TYPE = YES_ERROR;
				GCC_WARN_UNDECLARED_SELECTOR = YES;
				GCC_WARN_UNINITIALIZED_AUTOS = YES_AGGRESSIVE;
				GCC_WARN_UNUSED_FUNCTION = YES;
				GCC_WARN_UNUSED_VARIABLE = YES;
				IPHONEOS_DEPLOYMENT_TARGET = 26.0;
				LOCALIZATION_PREFERS_STRING_CATALOGS = YES;
				MTL_ENABLE_DEBUG_INFO = INCLUDE_SOURCE;
				MTL_FAST_MATH = YES;
				ONLY_ACTIVE_ARCH = YES;
				SDKROOT = iphoneos;
				SWIFT_ACTIVE_COMPILATION_CONDITIONS = "DEBUG $(inherited)";
				SWIFT_OPTIMIZATION_LEVEL = "-Onone";
			};
			name = Debug;
		};
		06E638212EA682690062AF03 /* Release */ = {
			isa = XCBuildConfiguration;
			buildSettings = {
				ALWAYS_SEARCH_USER_PATHS = NO;
				ASSETCATALOG_COMPILER_GENERATE_SWIFT_ASSET_SYMBOL_EXTENSIONS = YES;
				CLANG_ANALYZER_NONNULL = YES;
				CLANG_ANALYZER_NUMBER_OBJECT_CONVERSION = YES_AGGRESSIVE;
				CLANG_CXX_LANGUAGE_STANDARD = "gnu++20";
				CLANG_ENABLE_MODULES = YES;
				CLANG_ENABLE_OBJC_ARC = YES;
				CLANG_ENABLE_OBJC_WEAK = YES;
				CLANG_WARN_BLOCK_CAPTURE_AUTORELEASING = YES;
				CLANG_WARN_BOOL_CONVERSION = YES;
				CLANG_WARN_COMMA = YES;
				CLANG_WARN_CONSTANT_CONVERSION = YES;
				CLANG_WARN_DEPRECATED_OBJC_IMPLEMENTATIONS = YES;
				CLANG_WARN_DIRECT_OBJC_ISA_USAGE = YES_ERROR;
				CLANG_WARN_DOCUMENTATION_COMMENTS = YES;
				CLANG_WARN_EMPTY_BODY = YES;
				CLANG_WARN_ENUM_CONVERSION = YES;
				CLANG_WARN_INFINITE_RECURSION = YES;
				CLANG_WARN_INT_CONVERSION = YES;
				CLANG_WARN_NON_LITERAL_NULL_CONVERSION = YES;
				CLANG_WARN_OBJC_IMPLICIT_RETAIN_SELF = YES;
				CLANG_WARN_OBJC_LITERAL_CONVERSION = YES;
				CLANG_WARN_OBJC_ROOT_CLASS = YES_ERROR;
				CLANG_WARN_QUOTED_INCLUDE_IN_FRAMEWORK_HEADER = YES;
				CLANG_WARN_RANGE_LOOP_ANALYSIS = YES;
				CLANG_WARN_STRICT_PROTOTYPES = YES;
				CLANG_WARN_SUSPICIOUS_MOVE = YES;
				CLANG_WARN_UNGUARDED_AVAILABILITY = YES_AGGRESSIVE;
				CLANG_WARN_UNREACHABLE_CODE = YES;
				CLANG_WARN__DUPLICATE_METHOD_MATCH = YES;
				COPY_PHASE_STRIP = NO;
				DEBUG_INFORMATION_FORMAT = "dwarf-with-dsym";
				DEVELOPMENT_TEAM = HZ4MGAG87D;
				ENABLE_NS_ASSERTIONS = NO;
				ENABLE_STRICT_OBJC_MSGSEND = YES;
				ENABLE_USER_SCRIPT_SANDBOXING = YES;
				GCC_C_LANGUAGE_STANDARD = gnu17;
				GCC_NO_COMMON_BLOCKS = YES;
				GCC_WARN_64_TO_32_BIT_CONVERSION = YES;
				GCC_WARN_ABOUT_RETURN_TYPE = YES_ERROR;
				GCC_WARN_UNDECLARED_SELECTOR = YES;
				GCC_WARN_UNINITIALIZED_AUTOS = YES_AGGRESSIVE;
				GCC_WARN_UNUSED_FUNCTION = YES;
				GCC_WARN_UNUSED_VARIABLE = YES;
				IPHONEOS_DEPLOYMENT_TARGET = 26.0;
				LOCALIZATION_PREFERS_STRING_CATALOGS = YES;
				MTL_ENABLE_DEBUG_INFO = NO;
				MTL_FAST_MATH = YES;
				SDKROOT = iphoneos;
				SWIFT_COMPILATION_MODE = wholemodule;
				VALIDATE_PRODUCT = YES;
			};
			name = Release;
		};
		06E638232EA682690062AF03 /* Debug */ = {
			isa = XCBuildConfiguration;
			buildSettings = {
				ASSETCATALOG_COMPILER_APPICON_NAME = AppIcon;
				ASSETCATALOG_COMPILER_GLOBAL_ACCENT_COLOR_NAME = AccentColor;
				CODE_SIGN_ENTITLEMENTS = Widget13App/Widget13App.entitlements;
				CODE_SIGN_STYLE = Automatic;
				CURRENT_PROJECT_VERSION = 1;
				DEVELOPMENT_TEAM = HZ4MGAG87D;
				ENABLE_PREVIEWS = YES;
				GENERATE_INFOPLIST_FILE = YES;
				INFOPLIST_KEY_UIApplicationSceneManifest_Generation = YES;
				INFOPLIST_KEY_UIApplicationSupportsIndirectInputEvents = YES;
				INFOPLIST_KEY_UILaunchScreen_Generation = YES;
				INFOPLIST_KEY_UISupportedInterfaceOrientations_iPad = "UIInterfaceOrientationPortrait UIInterfaceOrientationPortraitUpsideDown UIInterfaceOrientationLandscapeLeft UIInterfaceOrientationLandscapeRight";
				INFOPLIST_KEY_UISupportedInterfaceOrientations_iPhone = "UIInterfaceOrientationPortrait UIInterfaceOrientationLandscapeLeft UIInterfaceOrientationLandscapeRight";
				IPHONEOS_DEPLOYMENT_TARGET = 18.6;
				LD_RUNPATH_SEARCH_PATHS = (
					"$(inherited)",
					"@executable_path/Frameworks",
				);
				MARKETING_VERSION = 1.0;
				PRODUCT_BUNDLE_IDENTIFIER = bekoszn.Widget13App;
				PRODUCT_NAME = "$(TARGET_NAME)";
				STRING_CATALOG_GENERATE_SYMBOLS = YES;
				SWIFT_APPROACHABLE_CONCURRENCY = YES;
				SWIFT_DEFAULT_ACTOR_ISOLATION = MainActor;
				SWIFT_EMIT_LOC_STRINGS = YES;
				SWIFT_UPCOMING_FEATURE_MEMBER_IMPORT_VISIBILITY = YES;
				SWIFT_VERSION = 5.0;
				TARGETED_DEVICE_FAMILY = "1,2";
			};
			name = Debug;
		};
		06E638242EA682690062AF03 /* Release */ = {
			isa = XCBuildConfiguration;
			buildSettings = {
				ASSETCATALOG_COMPILER_APPICON_NAME = AppIcon;
				ASSETCATALOG_COMPILER_GLOBAL_ACCENT_COLOR_NAME = AccentColor;
				CODE_SIGN_ENTITLEMENTS = Widget13App/Widget13App.entitlements;
				CODE_SIGN_STYLE = Automatic;
				CURRENT_PROJECT_VERSION = 1;
				DEVELOPMENT_TEAM = HZ4MGAG87D;
				ENABLE_PREVIEWS = YES;
				GENERATE_INFOPLIST_FILE = YES;
				INFOPLIST_KEY_UIApplicationSceneManifest_Generation = YES;
				INFOPLIST_KEY_UIApplicationSupportsIndirectInputEvents = YES;
				INFOPLIST_KEY_UILaunchScreen_Generation = YES;
				INFOPLIST_KEY_UISupportedInterfaceOrientations_iPad = "UIInterfaceOrientationPortrait UIInterfaceOrientationPortraitUpsideDown UIInterfaceOrientationLandscapeLeft UIInterfaceOrientationLandscapeRight";
				INFOPLIST_KEY_UISupportedInterfaceOrientations_iPhone = "UIInterfaceOrientationPortrait UIInterfaceOrientationLandscapeLeft UIInterfaceOrientationLandscapeRight";
				IPHONEOS_DEPLOYMENT_TARGET = 18.6;
				LD_RUNPATH_SEARCH_PATHS = (
					"$(inherited)",
					"@executable_path/Frameworks",
				);
				MARKETING_VERSION = 1.0;
				PRODUCT_BUNDLE_IDENTIFIER = bekoszn.Widget13App;
				PRODUCT_NAME = "$(TARGET_NAME)";
				STRING_CATALOG_GENERATE_SYMBOLS = YES;
				SWIFT_APPROACHABLE_CONCURRENCY = YES;
				SWIFT_DEFAULT_ACTOR_ISOLATION = MainActor;
				SWIFT_EMIT_LOC_STRINGS = YES;
				SWIFT_UPCOMING_FEATURE_MEMBER_IMPORT_VISIBILITY = YES;
				SWIFT_VERSION = 5.0;
				TARGETED_DEVICE_FAMILY = "1,2";
			};
			name = Release;
		};
		06E638262EA682690062AF03 /* Debug */ = {
			isa = XCBuildConfiguration;
			buildSettings = {
				BUNDLE_LOADER = "$(TEST_HOST)";
				CODE_SIGN_STYLE = Automatic;
				CURRENT_PROJECT_VERSION = 1;
				DEVELOPMENT_TEAM = HZ4MGAG87D;
				GENERATE_INFOPLIST_FILE = YES;
				IPHONEOS_DEPLOYMENT_TARGET = 26.0;
				MARKETING_VERSION = 1.0;
				PRODUCT_BUNDLE_IDENTIFIER = bekoszn.Widget13AppTests;
				PRODUCT_NAME = "$(TARGET_NAME)";
				STRING_CATALOG_GENERATE_SYMBOLS = NO;
				SWIFT_APPROACHABLE_CONCURRENCY = YES;
				SWIFT_EMIT_LOC_STRINGS = NO;
				SWIFT_UPCOMING_FEATURE_MEMBER_IMPORT_VISIBILITY = YES;
				SWIFT_VERSION = 5.0;
				TARGETED_DEVICE_FAMILY = "1,2";
				TEST_HOST = "$(BUILT_PRODUCTS_DIR)/Widget13App.app/$(BUNDLE_EXECUTABLE_FOLDER_PATH)/Widget13App";
			};
			name = Debug;
		};
		06E638272EA682690062AF03 /* Release */ = {
			isa = XCBuildConfiguration;
			buildSettings = {
				BUNDLE_LOADER = "$(TEST_HOST)";
				CODE_SIGN_STYLE = Automatic;
				CURRENT_PROJECT_VERSION = 1;
				DEVELOPMENT_TEAM = HZ4MGAG87D;
				GENERATE_INFOPLIST_FILE = YES;
				IPHONEOS_DEPLOYMENT_TARGET = 26.0;
				MARKETING_VERSION = 1.0;
				PRODUCT_BUNDLE_IDENTIFIER = bekoszn.Widget13AppTests;
				PRODUCT_NAME = "$(TARGET_NAME)";
				STRING_CATALOG_GENERATE_SYMBOLS = NO;
				SWIFT_APPROACHABLE_CONCURRENCY = YES;
				SWIFT_EMIT_LOC_STRINGS = NO;
				SWIFT_UPCOMING_FEATURE_MEMBER_IMPORT_VISIBILITY = YES;
				SWIFT_VERSION = 5.0;
				TARGETED_DEVICE_FAMILY = "1,2";
				TEST_HOST = "$(BUILT_PRODUCTS_DIR)/Widget13App.app/$(BUNDLE_EXECUTABLE_FOLDER_PATH)/Widget13App";
			};
			name = Release;
		};
		06E638292EA682690062AF03 /* Debug */ = {
			isa = XCBuildConfiguration;
			buildSettings = {
				CODE_SIGN_STYLE = Automatic;
				CURRENT_PROJECT_VERSION = 1;
				DEVELOPMENT_TEAM = HZ4MGAG87D;
				GENERATE_INFOPLIST_FILE = YES;
				MARKETING_VERSION = 1.0;
				PRODUCT_BUNDLE_IDENTIFIER = bekoszn.Widget13AppUITests;
				PRODUCT_NAME = "$(TARGET_NAME)";
				STRING_CATALOG_GENERATE_SYMBOLS = NO;
				SWIFT_APPROACHABLE_CONCURRENCY = YES;
				SWIFT_EMIT_LOC_STRINGS = NO;
				SWIFT_UPCOMING_FEATURE_MEMBER_IMPORT_VISIBILITY = YES;
				SWIFT_VERSION = 5.0;
				TARGETED_DEVICE_FAMILY = "1,2";
				TEST_TARGET_NAME = Widget13App;
			};
			name = Debug;
		};
		06E6382A2EA682690062AF03 /* Release */ = {
			isa = XCBuildConfiguration;
			buildSettings = {
				CODE_SIGN_STYLE = Automatic;
				CURRENT_PROJECT_VERSION = 1;
				DEVELOPMENT_TEAM = HZ4MGAG87D;
				GENERATE_INFOPLIST_FILE = YES;
				MARKETING_VERSION = 1.0;
				PRODUCT_BUNDLE_IDENTIFIER = bekoszn.Widget13AppUITests;
				PRODUCT_NAME = "$(TARGET_NAME)";
				STRING_CATALOG_GENERATE_SYMBOLS = NO;
				SWIFT_APPROACHABLE_CONCURRENCY = YES;
				SWIFT_EMIT_LOC_STRINGS = NO;
				SWIFT_UPCOMING_FEATURE_MEMBER_IMPORT_VISIBILITY = YES;
				SWIFT_VERSION = 5.0;
				TARGETED_DEVICE_FAMILY = "1,2";
				TEST_TARGET_NAME = Widget13App;
			};
			name = Release;
		};
		06E6385A2EA684370062AF03 /* Debug */ = {
			isa = XCBuildConfiguration;
			buildSettings = {
				ASSETCATALOG_COMPILER_GLOBAL_ACCENT_COLOR_NAME = AccentColor;
				ASSETCATALOG_COMPILER_WIDGET_BACKGROUND_COLOR_NAME = WidgetBackground;
				CODE_SIGN_ENTITLEMENTS = TaskWidgetExtension.entitlements;
				CODE_SIGN_STYLE = Automatic;
				CURRENT_PROJECT_VERSION = 1;
				DEVELOPMENT_TEAM = HZ4MGAG87D;
				GENERATE_INFOPLIST_FILE = YES;
				INFOPLIST_FILE = TaskWidget/Info.plist;
				INFOPLIST_KEY_CFBundleDisplayName = TaskWidget;
				INFOPLIST_KEY_NSHumanReadableCopyright = "";
				IPHONEOS_DEPLOYMENT_TARGET = 18.6;
				LD_RUNPATH_SEARCH_PATHS = (
					"$(inherited)",
					"@executable_path/Frameworks",
					"@executable_path/../../Frameworks",
				);
				MARKETING_VERSION = 1.0;
				PRODUCT_BUNDLE_IDENTIFIER = bekoszn.Widget13App.TaskWidget;
				PRODUCT_NAME = "$(TARGET_NAME)";
				SKIP_INSTALL = YES;
				STRING_CATALOG_GENERATE_SYMBOLS = YES;
				SWIFT_APPROACHABLE_CONCURRENCY = YES;
				SWIFT_EMIT_LOC_STRINGS = YES;
				SWIFT_UPCOMING_FEATURE_MEMBER_IMPORT_VISIBILITY = YES;
				SWIFT_VERSION = 5.0;
				TARGETED_DEVICE_FAMILY = "1,2";
			};
			name = Debug;
		};
		06E6385B2EA684370062AF03 /* Release */ = {
			isa = XCBuildConfiguration;
			buildSettings = {
				ASSETCATALOG_COMPILER_GLOBAL_ACCENT_COLOR_NAME = AccentColor;
				ASSETCATALOG_COMPILER_WIDGET_BACKGROUND_COLOR_NAME = WidgetBackground;
				CODE_SIGN_ENTITLEMENTS = TaskWidgetExtension.entitlements;
				CODE_SIGN_STYLE = Automatic;
				CURRENT_PROJECT_VERSION = 1;
				DEVELOPMENT_TEAM = HZ4MGAG87D;
				GENERATE_INFOPLIST_FILE = YES;
				INFOPLIST_FILE = TaskWidget/Info.plist;
				INFOPLIST_KEY_CFBundleDisplayName = TaskWidget;
				INFOPLIST_KEY_NSHumanReadableCopyright = "";
				IPHONEOS_DEPLOYMENT_TARGET = 18.6;
				LD_RUNPATH_SEARCH_PATHS = (
					"$(inherited)",
					"@executable_path/Frameworks",
					"@executable_path/../../Frameworks",
				);
				MARKETING_VERSION = 1.0;
				PRODUCT_BUNDLE_IDENTIFIER = bekoszn.Widget13App.TaskWidget;
				PRODUCT_NAME = "$(TARGET_NAME)";
				SKIP_INSTALL = YES;
				STRING_CATALOG_GENERATE_SYMBOLS = YES;
				SWIFT_APPROACHABLE_CONCURRENCY = YES;
				SWIFT_EMIT_LOC_STRINGS = YES;
				SWIFT_UPCOMING_FEATURE_MEMBER_IMPORT_VISIBILITY = YES;
				SWIFT_VERSION = 5.0;
				TARGETED_DEVICE_FAMILY = "1,2";
			};
			name = Release;
		};
		06E6386D2EA684790062AF03 /* Debug */ = {
			isa = XCBuildConfiguration;
			buildSettings = {
				CODE_SIGN_ENTITLEMENTS = TaskIntents/TaskIntents.entitlements;
				CODE_SIGN_STYLE = Automatic;
				CURRENT_PROJECT_VERSION = 1;
				DEVELOPMENT_TEAM = HZ4MGAG87D;
				GENERATE_INFOPLIST_FILE = YES;
				INFOPLIST_FILE = TaskIntents/Info.plist;
				INFOPLIST_KEY_CFBundleDisplayName = TaskIntents;
				INFOPLIST_KEY_NSHumanReadableCopyright = "";
				IPHONEOS_DEPLOYMENT_TARGET = 18.6;
				LD_RUNPATH_SEARCH_PATHS = (
					"$(inherited)",
					"@executable_path/Frameworks",
					"@executable_path/../../Frameworks",
				);
				MARKETING_VERSION = 1.0;
				PRODUCT_BUNDLE_IDENTIFIER = bekoszn.Widget13App.TaskIntents;
				PRODUCT_NAME = "$(TARGET_NAME)";
				SKIP_INSTALL = YES;
				STRING_CATALOG_GENERATE_SYMBOLS = YES;
				SWIFT_APPROACHABLE_CONCURRENCY = YES;
				SWIFT_EMIT_LOC_STRINGS = YES;
				SWIFT_UPCOMING_FEATURE_MEMBER_IMPORT_VISIBILITY = YES;
				SWIFT_VERSION = 5.0;
				TARGETED_DEVICE_FAMILY = "1,2";
			};
			name = Debug;
		};
		06E6386E2EA684790062AF03 /* Release */ = {
			isa = XCBuildConfiguration;
			buildSettings = {
				CODE_SIGN_ENTITLEMENTS = TaskIntents/TaskIntents.entitlements;
				CODE_SIGN_STYLE = Automatic;
				CURRENT_PROJECT_VERSION = 1;
				DEVELOPMENT_TEAM = HZ4MGAG87D;
				GENERATE_INFOPLIST_FILE = YES;
				INFOPLIST_FILE = TaskIntents/Info.plist;
				INFOPLIST_KEY_CFBundleDisplayName = TaskIntents;
				INFOPLIST_KEY_NSHumanReadableCopyright = "";
				IPHONEOS_DEPLOYMENT_TARGET = 18.6;
				LD_RUNPATH_SEARCH_PATHS = (
					"$(inherited)",
					"@executable_path/Frameworks",
					"@executable_path/../../Frameworks",
				);
				MARKETING_VERSION = 1.0;
				PRODUCT_BUNDLE_IDENTIFIER = bekoszn.Widget13App.TaskIntents;
				PRODUCT_NAME = "$(TARGET_NAME)";
				SKIP_INSTALL = YES;
				STRING_CATALOG_GENERATE_SYMBOLS = YES;
				SWIFT_APPROACHABLE_CONCURRENCY = YES;
				SWIFT_EMIT_LOC_STRINGS = YES;
				SWIFT_UPCOMING_FEATURE_MEMBER_IMPORT_VISIBILITY = YES;
				SWIFT_VERSION = 5.0;
				TARGETED_DEVICE_FAMILY = "1,2";
			};
			name = Release;
		};
/* End XCBuildConfiguration section */

/* Begin XCConfigurationList section */
		06E637FC2EA682680062AF03 /* Build configuration list for PBXProject "Widget13App" */ = {
			isa = XCConfigurationList;
			buildConfigurations = (
				06E638202EA682690062AF03 /* Debug */,
				06E638212EA682690062AF03 /* Release */,
			);
			defaultConfigurationIsVisible = 0;
			defaultConfigurationName = Release;
		};
		06E638222EA682690062AF03 /* Build configuration list for PBXNativeTarget "Widget13App" */ = {
			isa = XCConfigurationList;
			buildConfigurations = (
				06E638232EA682690062AF03 /* Debug */,
				06E638242EA682690062AF03 /* Release */,
			);
			defaultConfigurationIsVisible = 0;
			defaultConfigurationName = Release;
		};
		06E638252EA682690062AF03 /* Build configuration list for PBXNativeTarget "Widget13AppTests" */ = {
			isa = XCConfigurationList;
			buildConfigurations = (
				06E638262EA682690062AF03 /* Debug */,
				06E638272EA682690062AF03 /* Release */,
			);
			defaultConfigurationIsVisible = 0;
			defaultConfigurationName = Release;
		};
		06E638282EA682690062AF03 /* Build configuration list for PBXNativeTarget "Widget13AppUITests" */ = {
			isa = XCConfigurationList;
			buildConfigurations = (
				06E638292EA682690062AF03 /* Debug */,
				06E6382A2EA682690062AF03 /* Release */,
			);
			defaultConfigurationIsVisible = 0;
			defaultConfigurationName = Release;
		};
		06E638592EA684370062AF03 /* Build configuration list for PBXNativeTarget "TaskWidgetExtension" */ = {
			isa = XCConfigurationList;
			buildConfigurations = (
				06E6385A2EA684370062AF03 /* Debug */,
				06E6385B2EA684370062AF03 /* Release */,
			);
			defaultConfigurationIsVisible = 0;
			defaultConfigurationName = Release;
		};
		06E6386C2EA684790062AF03 /* Build configuration list for PBXNativeTarget "TaskIntents" */ = {
			isa = XCConfigurationList;
			buildConfigurations = (
				06E6386D2EA684790062AF03 /* Debug */,
				06E6386E2EA684790062AF03 /* Release */,
			);
			defaultConfigurationIsVisible = 0;
			defaultConfigurationName = Release;
		};
/* End XCConfigurationList section */
	};
	rootObject = 06E637F92EA682680062AF03 /* Project object */;
}
